// !$*UTF8*$!
{
	archiveVersion = 1;
	classes = {
	};
	objectVersion = 55;
	objects = {

/* Begin PBXBuildFile section */
		3116F51228992125005E43D3 /* FAN_HomeSuspensionView.swift in Sources */ = {isa = PBXBuildFile; fileRef = 3116F51128992125005E43D3 /* FAN_HomeSuspensionView.swift */; };
		31278E7C2892842600BAC95F /* FAN_SudokuViewController.swift in Sources */ = {isa = PBXBuildFile; fileRef = 31278E7B2892842600BAC95F /* FAN_SudokuViewController.swift */; };
		31278E7F2892845D00BAC95F /* FAN_SudokuView.swift in Sources */ = {isa = PBXBuildFile; fileRef = 31278E7E2892845D00BAC95F /* FAN_SudokuView.swift */; };
		31278E812893CB7100BAC95F /* FAN_HomeFirstCell.swift in Sources */ = {isa = PBXBuildFile; fileRef = 31278E802893CB7100BAC95F /* FAN_HomeFirstCell.swift */; };
		31278E862893E04500BAC95F /* HomeProtocol.swift in Sources */ = {isa = PBXBuildFile; fileRef = 31278E852893E04500BAC95F /* HomeProtocol.swift */; };
		31278E882895F42800BAC95F /* FAN_HomeBackColorView.swift in Sources */ = {isa = PBXBuildFile; fileRef = 31278E872895F42800BAC95F /* FAN_HomeBackColorView.swift */; };
		31278E8A2895F80400BAC95F /* FAN_HomeNavView.swift in Sources */ = {isa = PBXBuildFile; fileRef = 31278E892895F80400BAC95F /* FAN_HomeNavView.swift */; };
		31278E8C2897646A00BAC95F /* FAN_HomeSecoundCell.swift in Sources */ = {isa = PBXBuildFile; fileRef = 31278E8B2897646900BAC95F /* FAN_HomeSecoundCell.swift */; };
		31278E8E2897B7A000BAC95F /* FAN_HomeThirdCell.swift in Sources */ = {isa = PBXBuildFile; fileRef = 31278E8D2897B7A000BAC95F /* FAN_HomeThirdCell.swift */; };
		31278E902897C14700BAC95F /* FAN_HomeListViewController.swift in Sources */ = {isa = PBXBuildFile; fileRef = 31278E8F2897C14700BAC95F /* FAN_HomeListViewController.swift */; };
		31278E952897D22800BAC95F /* FAN_ScollViewDelegateTools.swift in Sources */ = {isa = PBXBuildFile; fileRef = 31278E942897D22800BAC95F /* FAN_ScollViewDelegateTools.swift */; };
		3131B65B289B8DAF003B1410 /* FAN_DictionaryModelViewController.swift in Sources */ = {isa = PBXBuildFile; fileRef = 3131B65A289B8DAF003B1410 /* FAN_DictionaryModelViewController.swift */; };
		3131B65E289B8DF7003B1410 /* FAN_PersonModel.swift in Sources */ = {isa = PBXBuildFile; fileRef = 3131B65D289B8DF7003B1410 /* FAN_PersonModel.swift */; };
		315DB3DD289F49120061B779 /* Localizable.strings in Resources */ = {isa = PBXBuildFile; fileRef = 315DB3DF289F49120061B779 /* Localizable.strings */; };
		315DB3E2289F4AB70061B779 /* FAN_LocalizableTestViewController.swift in Sources */ = {isa = PBXBuildFile; fileRef = 315DB3E1289F4AB70061B779 /* FAN_LocalizableTestViewController.swift */; };
		3168C4E428A5FC9100957E76 /* FAN_ GangedTitleView.swift in Sources */ = {isa = PBXBuildFile; fileRef = 3168C4E328A5FC9100957E76 /* FAN_ GangedTitleView.swift */; };
		3168C4E628A5FCCB00957E76 /* FAN_GangedContainerView.swift in Sources */ = {isa = PBXBuildFile; fileRef = 3168C4E528A5FCCB00957E76 /* FAN_GangedContainerView.swift */; };
		3168C4E828A886F200957E76 /* FAN_MoreScrollviewCell.swift in Sources */ = {isa = PBXBuildFile; fileRef = 3168C4E728A886F200957E76 /* FAN_MoreScrollviewCell.swift */; };
		3168C4EE28A9F7D000957E76 /* FAN_WaterfallFlowViewController.swift in Sources */ = {isa = PBXBuildFile; fileRef = 3168C4ED28A9F7D000957E76 /* FAN_WaterfallFlowViewController.swift */; };
		31A1798128A5C04A0010BB70 /* FAN_MoreNaView.swift in Sources */ = {isa = PBXBuildFile; fileRef = 31A1798028A5C04A0010BB70 /* FAN_MoreNaView.swift */; };
		31DB8651288F789E00E10C45 /* AppDelegate.swift in Sources */ = {isa = PBXBuildFile; fileRef = 31DB8650288F789E00E10C45 /* AppDelegate.swift */; };
		31DB8653288F789E00E10C45 /* SceneDelegate.swift in Sources */ = {isa = PBXBuildFile; fileRef = 31DB8652288F789E00E10C45 /* SceneDelegate.swift */; };
		31DB8655288F789E00E10C45 /* ViewController.swift in Sources */ = {isa = PBXBuildFile; fileRef = 31DB8654288F789E00E10C45 /* ViewController.swift */; };
		31DB8658288F789E00E10C45 /* Main.storyboard in Resources */ = {isa = PBXBuildFile; fileRef = 31DB8656288F789E00E10C45 /* Main.storyboard */; };
		31DB865A288F78A000E10C45 /* Assets.xcassets in Resources */ = {isa = PBXBuildFile; fileRef = 31DB8659288F78A000E10C45 /* Assets.xcassets */; };
		31DB865D288F78A000E10C45 /* LaunchScreen.storyboard in Resources */ = {isa = PBXBuildFile; fileRef = 31DB865B288F78A000E10C45 /* LaunchScreen.storyboard */; };
		31DB8672288F8AC800E10C45 /* FAN_ProjectTabBarController.swift in Sources */ = {isa = PBXBuildFile; fileRef = 31DB8671288F8AC800E10C45 /* FAN_ProjectTabBarController.swift */; };
		31DB8674288F95FC00E10C45 /* FAN_CommenHeader.swift in Sources */ = {isa = PBXBuildFile; fileRef = 31DB8673288F95FC00E10C45 /* FAN_CommenHeader.swift */; };
		31DB8676288F977600E10C45 /* FAN_HomeViewController.swift in Sources */ = {isa = PBXBuildFile; fileRef = 31DB8675288F977600E10C45 /* FAN_HomeViewController.swift */; };
		31E843AD28A30E5E002E4850 /* FAN_AllViewController.swift in Sources */ = {isa = PBXBuildFile; fileRef = 31E843AC28A30E5E002E4850 /* FAN_AllViewController.swift */; };
		31E843B128A323C2002E4850 /* FAN_MoreScrollViewController.swift in Sources */ = {isa = PBXBuildFile; fileRef = 31E843B028A323C2002E4850 /* FAN_MoreScrollViewController.swift */; };
		678467B2D9AB64D832A2A5A5 /* Pods_SwiftClassDemo.framework in Frameworks */ = {isa = PBXBuildFile; fileRef = 60701DBDEBE90799C06A569D /* Pods_SwiftClassDemo.framework */; };
/* End PBXBuildFile section */

/* Begin PBXFileReference section */
		18154EE3F4149BA71E31ABCC /* Pods-SwiftClassDemo.debug.xcconfig */ = {isa = PBXFileReference; includeInIndex = 1; lastKnownFileType = text.xcconfig; name = "Pods-SwiftClassDemo.debug.xcconfig"; path = "Target Support Files/Pods-SwiftClassDemo/Pods-SwiftClassDemo.debug.xcconfig"; sourceTree = "<group>"; };
		3116F51128992125005E43D3 /* FAN_HomeSuspensionView.swift */ = {isa = PBXFileReference; lastKnownFileType = sourcecode.swift; path = FAN_HomeSuspensionView.swift; sourceTree = "<group>"; };
		31278E7B2892842600BAC95F /* FAN_SudokuViewController.swift */ = {isa = PBXFileReference; lastKnownFileType = sourcecode.swift; path = FAN_SudokuViewController.swift; sourceTree = "<group>"; };
		31278E7E2892845D00BAC95F /* FAN_SudokuView.swift */ = {isa = PBXFileReference; lastKnownFileType = sourcecode.swift; path = FAN_SudokuView.swift; sourceTree = "<group>"; };
		31278E802893CB7100BAC95F /* FAN_HomeFirstCell.swift */ = {isa = PBXFileReference; lastKnownFileType = sourcecode.swift; path = FAN_HomeFirstCell.swift; sourceTree = "<group>"; };
		31278E852893E04500BAC95F /* HomeProtocol.swift */ = {isa = PBXFileReference; lastKnownFileType = sourcecode.swift; path = HomeProtocol.swift; sourceTree = "<group>"; };
		31278E872895F42800BAC95F /* FAN_HomeBackColorView.swift */ = {isa = PBXFileReference; lastKnownFileType = sourcecode.swift; path = FAN_HomeBackColorView.swift; sourceTree = "<group>"; };
		31278E892895F80400BAC95F /* FAN_HomeNavView.swift */ = {isa = PBXFileReference; lastKnownFileType = sourcecode.swift; path = FAN_HomeNavView.swift; sourceTree = "<group>"; };
		31278E8B2897646900BAC95F /* FAN_HomeSecoundCell.swift */ = {isa = PBXFileReference; lastKnownFileType = sourcecode.swift; path = FAN_HomeSecoundCell.swift; sourceTree = "<group>"; };
		31278E8D2897B7A000BAC95F /* FAN_HomeThirdCell.swift */ = {isa = PBXFileReference; lastKnownFileType = sourcecode.swift; path = FAN_HomeThirdCell.swift; sourceTree = "<group>"; };
		31278E8F2897C14700BAC95F /* FAN_HomeListViewController.swift */ = {isa = PBXFileReference; lastKnownFileType = sourcecode.swift; path = FAN_HomeListViewController.swift; sourceTree = "<group>"; };
		31278E942897D22800BAC95F /* FAN_ScollViewDelegateTools.swift */ = {isa = PBXFileReference; lastKnownFileType = sourcecode.swift; path = FAN_ScollViewDelegateTools.swift; sourceTree = "<group>"; };
		3131B65A289B8DAF003B1410 /* FAN_DictionaryModelViewController.swift */ = {isa = PBXFileReference; lastKnownFileType = sourcecode.swift; path = FAN_DictionaryModelViewController.swift; sourceTree = "<group>"; };
		3131B65D289B8DF7003B1410 /* FAN_PersonModel.swift */ = {isa = PBXFileReference; lastKnownFileType = sourcecode.swift; path = FAN_PersonModel.swift; sourceTree = "<group>"; };
		315DB3D9289F48910061B779 /* zh-Hans */ = {isa = PBXFileReference; lastKnownFileType = text.plist.strings; name = "zh-Hans"; path = "zh-Hans.lproj/Main.strings"; sourceTree = "<group>"; };
		315DB3DA289F48910061B779 /* zh-Hans */ = {isa = PBXFileReference; lastKnownFileType = text.plist.strings; name = "zh-Hans"; path = "zh-Hans.lproj/LaunchScreen.strings"; sourceTree = "<group>"; };
		315DB3DE289F49120061B779 /* zh-Hans */ = {isa = PBXFileReference; lastKnownFileType = text.plist.strings; name = "zh-Hans"; path = "zh-Hans.lproj/Localizable.strings"; sourceTree = "<group>"; };
		315DB3E0289F491C0061B779 /* en */ = {isa = PBXFileReference; lastKnownFileType = text.plist.strings; name = en; path = en.lproj/Localizable.strings; sourceTree = "<group>"; };
		315DB3E1289F4AB70061B779 /* FAN_LocalizableTestViewController.swift */ = {isa = PBXFileReference; lastKnownFileType = sourcecode.swift; path = FAN_LocalizableTestViewController.swift; sourceTree = "<group>"; };
		3168C4E328A5FC9100957E76 /* FAN_ GangedTitleView.swift */ = {isa = PBXFileReference; lastKnownFileType = sourcecode.swift; path = "FAN_ GangedTitleView.swift"; sourceTree = "<group>"; };
		3168C4E528A5FCCB00957E76 /* FAN_GangedContainerView.swift */ = {isa = PBXFileReference; lastKnownFileType = sourcecode.swift; path = FAN_GangedContainerView.swift; sourceTree = "<group>"; };
		3168C4E728A886F200957E76 /* FAN_MoreScrollviewCell.swift */ = {isa = PBXFileReference; lastKnownFileType = sourcecode.swift; path = FAN_MoreScrollviewCell.swift; sourceTree = "<group>"; };
		3168C4ED28A9F7D000957E76 /* FAN_WaterfallFlowViewController.swift */ = {isa = PBXFileReference; lastKnownFileType = sourcecode.swift; path = FAN_WaterfallFlowViewController.swift; sourceTree = "<group>"; };
		31A1798028A5C04A0010BB70 /* FAN_MoreNaView.swift */ = {isa = PBXFileReference; lastKnownFileType = sourcecode.swift; path = FAN_MoreNaView.swift; sourceTree = "<group>"; };
		31DB864D288F789E00E10C45 /* SwiftClassDemo.app */ = {isa = PBXFileReference; explicitFileType = wrapper.application; includeInIndex = 0; path = SwiftClassDemo.app; sourceTree = BUILT_PRODUCTS_DIR; };
		31DB8650288F789E00E10C45 /* AppDelegate.swift */ = {isa = PBXFileReference; lastKnownFileType = sourcecode.swift; path = AppDelegate.swift; sourceTree = "<group>"; };
		31DB8652288F789E00E10C45 /* SceneDelegate.swift */ = {isa = PBXFileReference; lastKnownFileType = sourcecode.swift; path = SceneDelegate.swift; sourceTree = "<group>"; };
		31DB8654288F789E00E10C45 /* ViewController.swift */ = {isa = PBXFileReference; lastKnownFileType = sourcecode.swift; path = ViewController.swift; sourceTree = "<group>"; };
		31DB8657288F789E00E10C45 /* Base */ = {isa = PBXFileReference; lastKnownFileType = file.storyboard; name = Base; path = Base.lproj/Main.storyboard; sourceTree = "<group>"; };
		31DB8659288F78A000E10C45 /* Assets.xcassets */ = {isa = PBXFileReference; lastKnownFileType = folder.assetcatalog; path = Assets.xcassets; sourceTree = "<group>"; };
		31DB865C288F78A000E10C45 /* Base */ = {isa = PBXFileReference; lastKnownFileType = file.storyboard; name = Base; path = Base.lproj/LaunchScreen.storyboard; sourceTree = "<group>"; };
		31DB865E288F78A000E10C45 /* Info.plist */ = {isa = PBXFileReference; lastKnownFileType = text.plist.xml; path = Info.plist; sourceTree = "<group>"; };
		31DB8671288F8AC800E10C45 /* FAN_ProjectTabBarController.swift */ = {isa = PBXFileReference; lastKnownFileType = sourcecode.swift; path = FAN_ProjectTabBarController.swift; sourceTree = "<group>"; };
		31DB8673288F95FC00E10C45 /* FAN_CommenHeader.swift */ = {isa = PBXFileReference; lastKnownFileType = sourcecode.swift; path = FAN_CommenHeader.swift; sourceTree = "<group>"; };
		31DB8675288F977600E10C45 /* FAN_HomeViewController.swift */ = {isa = PBXFileReference; lastKnownFileType = sourcecode.swift; path = FAN_HomeViewController.swift; sourceTree = "<group>"; };
		31E843AC28A30E5E002E4850 /* FAN_AllViewController.swift */ = {isa = PBXFileReference; fileEncoding = 4; lastKnownFileType = sourcecode.swift; path = FAN_AllViewController.swift; sourceTree = "<group>"; };
		31E843B028A323C2002E4850 /* FAN_MoreScrollViewController.swift */ = {isa = PBXFileReference; lastKnownFileType = sourcecode.swift; path = FAN_MoreScrollViewController.swift; sourceTree = "<group>"; };
		60701DBDEBE90799C06A569D /* Pods_SwiftClassDemo.framework */ = {isa = PBXFileReference; explicitFileType = wrapper.framework; includeInIndex = 0; path = Pods_SwiftClassDemo.framework; sourceTree = BUILT_PRODUCTS_DIR; };
		BACEAB1514699FD6082753F4 /* Pods-SwiftClassDemo.release.xcconfig */ = {isa = PBXFileReference; includeInIndex = 1; lastKnownFileType = text.xcconfig; name = "Pods-SwiftClassDemo.release.xcconfig"; path = "Target Support Files/Pods-SwiftClassDemo/Pods-SwiftClassDemo.release.xcconfig"; sourceTree = "<group>"; };
/* End PBXFileReference section */

/* Begin PBXFrameworksBuildPhase section */
		31DB864A288F789E00E10C45 /* Frameworks */ = {
			isa = PBXFrameworksBuildPhase;
			buildActionMask = 2147483647;
			files = (
				678467B2D9AB64D832A2A5A5 /* Pods_SwiftClassDemo.framework in Frameworks */,
			);
			runOnlyForDeploymentPostprocessing = 0;
		};
/* End PBXFrameworksBuildPhase section */

/* Begin PBXGroup section */
		0245B29EAD4CD8A59175A7F1 /* Frameworks */ = {
			isa = PBXGroup;
			children = (
				60701DBDEBE90799C06A569D /* Pods_SwiftClassDemo.framework */,
			);
			name = Frameworks;
			sourceTree = "<group>";
		};
		31278E79289283D400BAC95F /* Sudoku */ = {
			isa = PBXGroup;
			children = (
				31278E7D2892844000BAC95F /* View */,
				31278E7A289283F900BAC95F /* Controller */,
			);
			path = Sudoku;
			sourceTree = "<group>";
		};
		31278E7A289283F900BAC95F /* Controller */ = {
			isa = PBXGroup;
			children = (
				31278E7B2892842600BAC95F /* FAN_SudokuViewController.swift */,
			);
			path = Controller;
			sourceTree = "<group>";
		};
		31278E7D2892844000BAC95F /* View */ = {
			isa = PBXGroup;
			children = (
				31278E7E2892845D00BAC95F /* FAN_SudokuView.swift */,
			);
			path = View;
			sourceTree = "<group>";
		};
		31278E842893DFF600BAC95F /* Protocol */ = {
			isa = PBXGroup;
			children = (
				31278E852893E04500BAC95F /* HomeProtocol.swift */,
			);
			path = Protocol;
			sourceTree = "<group>";
		};
		31278E932897D1D000BAC95F /* Tools */ = {
			isa = PBXGroup;
			children = (
				31278E942897D22800BAC95F /* FAN_ScollViewDelegateTools.swift */,
			);
			path = Tools;
			sourceTree = "<group>";
		};
		3131B658289B8D20003B1410 /* Dictionary_Model */ = {
			isa = PBXGroup;
			children = (
				3131B65C289B8DD4003B1410 /* Model */,
				3131B659289B8D4F003B1410 /* Controller */,
			);
			path = Dictionary_Model;
			sourceTree = "<group>";
		};
		3131B659289B8D4F003B1410 /* Controller */ = {
			isa = PBXGroup;
			children = (
				3131B65A289B8DAF003B1410 /* FAN_DictionaryModelViewController.swift */,
			);
			path = Controller;
			sourceTree = "<group>";
		};
		3131B65C289B8DD4003B1410 /* Model */ = {
			isa = PBXGroup;
			children = (
				3131B65D289B8DF7003B1410 /* FAN_PersonModel.swift */,
			);
			path = Model;
			sourceTree = "<group>";
		};
		315DB3D7289F46EA0061B779 /* Localizable */ = {
			isa = PBXGroup;
			children = (
				315DB3D8289F470F0061B779 /* Controller */,
				315DB3DF289F49120061B779 /* Localizable.strings */,
			);
			path = Localizable;
			sourceTree = "<group>";
		};
		315DB3D8289F470F0061B779 /* Controller */ = {
			isa = PBXGroup;
			children = (
				315DB3E1289F4AB70061B779 /* FAN_LocalizableTestViewController.swift */,
			);
			path = Controller;
			sourceTree = "<group>";
		};
		3168C4EB28A9F76600957E76 /* WaterfallFlow */ = {
			isa = PBXGroup;
			children = (
				3168C4EC28A9F7A200957E76 /* Controller */,
			);
			path = WaterfallFlow;
			sourceTree = "<group>";
		};
		3168C4EC28A9F7A200957E76 /* Controller */ = {
			isa = PBXGroup;
			children = (
				3168C4ED28A9F7D000957E76 /* FAN_WaterfallFlowViewController.swift */,
			);
			path = Controller;
			sourceTree = "<group>";
		};
		31A1797F28A5BFFD0010BB70 /* View */ = {
			isa = PBXGroup;
			children = (
				31A1798028A5C04A0010BB70 /* FAN_MoreNaView.swift */,
				3168C4E328A5FC9100957E76 /* FAN_ GangedTitleView.swift */,
				3168C4E528A5FCCB00957E76 /* FAN_GangedContainerView.swift */,
				3168C4E728A886F200957E76 /* FAN_MoreScrollviewCell.swift */,
			);
			path = View;
			sourceTree = "<group>";
		};
		31DB8644288F789E00E10C45 = {
			isa = PBXGroup;
			children = (
				31DB864F288F789E00E10C45 /* SwiftClassDemo */,
				31DB864E288F789E00E10C45 /* Products */,
				894CD57F2A3493356F9A4CCB /* Pods */,
				0245B29EAD4CD8A59175A7F1 /* Frameworks */,
			);
			sourceTree = "<group>";
		};
		31DB864E288F789E00E10C45 /* Products */ = {
			isa = PBXGroup;
			children = (
				31DB864D288F789E00E10C45 /* SwiftClassDemo.app */,
			);
			name = Products;
			sourceTree = "<group>";
		};
		31DB864F288F789E00E10C45 /* SwiftClassDemo */ = {
			isa = PBXGroup;
			children = (
				31DB8668288F843E00E10C45 /* Class */,
				31DB8650288F789E00E10C45 /* AppDelegate.swift */,
				31DB8652288F789E00E10C45 /* SceneDelegate.swift */,
				31DB8654288F789E00E10C45 /* ViewController.swift */,
				31DB8656288F789E00E10C45 /* Main.storyboard */,
				31DB8659288F78A000E10C45 /* Assets.xcassets */,
				31DB865B288F78A000E10C45 /* LaunchScreen.storyboard */,
				31DB865E288F78A000E10C45 /* Info.plist */,
				31DB8673288F95FC00E10C45 /* FAN_CommenHeader.swift */,
			);
			path = SwiftClassDemo;
			sourceTree = "<group>";
		};
		31DB8668288F843E00E10C45 /* Class */ = {
			isa = PBXGroup;
			children = (
				31DB866B288F84B500E10C45 /* PublicTools */,
				31DB866A288F849E00E10C45 /* PublicClass */,
				31DB8669288F848800E10C45 /* FuncClass */,
			);
			path = Class;
			sourceTree = "<group>";
		};
		31DB8669288F848800E10C45 /* FuncClass */ = {
			isa = PBXGroup;
			children = (
				31E843AA28A30E5E002E4850 /* All */,
				315DB3D7289F46EA0061B779 /* Localizable */,
				3131B658289B8D20003B1410 /* Dictionary_Model */,
				31278E79289283D400BAC95F /* Sudoku */,
				31DB866C288F853100E10C45 /* Home */,
			);
			path = FuncClass;
			sourceTree = "<group>";
		};
		31DB866A288F849E00E10C45 /* PublicClass */ = {
			isa = PBXGroup;
			children = (
				31DB8670288F8A5F00E10C45 /* Controller */,
			);
			path = PublicClass;
			sourceTree = "<group>";
		};
		31DB866B288F84B500E10C45 /* PublicTools */ = {
			isa = PBXGroup;
			children = (
			);
			path = PublicTools;
			sourceTree = "<group>";
		};
		31DB866C288F853100E10C45 /* Home */ = {
			isa = PBXGroup;
			children = (
				31278E932897D1D000BAC95F /* Tools */,
				31278E842893DFF600BAC95F /* Protocol */,
				31DB866E288F857300E10C45 /* View */,
				31DB866D288F856100E10C45 /* Controller */,
			);
			path = Home;
			sourceTree = "<group>";
		};
		31DB866D288F856100E10C45 /* Controller */ = {
			isa = PBXGroup;
			children = (
				31DB8675288F977600E10C45 /* FAN_HomeViewController.swift */,
				31278E8F2897C14700BAC95F /* FAN_HomeListViewController.swift */,
			);
			path = Controller;
			sourceTree = "<group>";
		};
		31DB866E288F857300E10C45 /* View */ = {
			isa = PBXGroup;
			children = (
				31278E802893CB7100BAC95F /* FAN_HomeFirstCell.swift */,
				31278E8B2897646900BAC95F /* FAN_HomeSecoundCell.swift */,
				31278E8D2897B7A000BAC95F /* FAN_HomeThirdCell.swift */,
				31278E872895F42800BAC95F /* FAN_HomeBackColorView.swift */,
				31278E892895F80400BAC95F /* FAN_HomeNavView.swift */,
				3116F51128992125005E43D3 /* FAN_HomeSuspensionView.swift */,
			);
			path = View;
			sourceTree = "<group>";
		};
		31DB8670288F8A5F00E10C45 /* Controller */ = {
			isa = PBXGroup;
			children = (
				31DB8671288F8AC800E10C45 /* FAN_ProjectTabBarController.swift */,
			);
			path = Controller;
			sourceTree = "<group>";
		};
		31E843AA28A30E5E002E4850 /* All */ = {
			isa = PBXGroup;
			children = (
				3168C4EB28A9F76600957E76 /* WaterfallFlow */,
				31E843AE28A32362002E4850 /* MoreScrollView */,
				31E843AB28A30E5E002E4850 /* Controller */,
			);
			path = All;
			sourceTree = "<group>";
		};
		31E843AB28A30E5E002E4850 /* Controller */ = {
			isa = PBXGroup;
			children = (
				31E843AC28A30E5E002E4850 /* FAN_AllViewController.swift */,
			);
			path = Controller;
			sourceTree = "<group>";
		};
		31E843AE28A32362002E4850 /* MoreScrollView */ = {
			isa = PBXGroup;
			children = (
				31A1797F28A5BFFD0010BB70 /* View */,
				31E843AF28A3238E002E4850 /* Controller */,
			);
			path = MoreScrollView;
			sourceTree = "<group>";
		};
		31E843AF28A3238E002E4850 /* Controller */ = {
			isa = PBXGroup;
			children = (
				31E843B028A323C2002E4850 /* FAN_MoreScrollViewController.swift */,
			);
			path = Controller;
			sourceTree = "<group>";
		};
		894CD57F2A3493356F9A4CCB /* Pods */ = {
			isa = PBXGroup;
			children = (
				18154EE3F4149BA71E31ABCC /* Pods-SwiftClassDemo.debug.xcconfig */,
				BACEAB1514699FD6082753F4 /* Pods-SwiftClassDemo.release.xcconfig */,
			);
			path = Pods;
			sourceTree = "<group>";
		};
/* End PBXGroup section */

/* Begin PBXNativeTarget section */
		31DB864C288F789E00E10C45 /* SwiftClassDemo */ = {
			isa = PBXNativeTarget;
			buildConfigurationList = 31DB8661288F78A000E10C45 /* Build configuration list for PBXNativeTarget "SwiftClassDemo" */;
			buildPhases = (
				FC91CB411A9F36790769875B /* [CP] Check Pods Manifest.lock */,
				31DB8649288F789E00E10C45 /* Sources */,
				31DB864A288F789E00E10C45 /* Frameworks */,
				31DB864B288F789E00E10C45 /* Resources */,
				4B9FA53FC2645DF73452709E /* [CP] Embed Pods Frameworks */,
			);
			buildRules = (
			);
			dependencies = (
			);
			name = SwiftClassDemo;
			productName = SwiftClassDemo;
			productReference = 31DB864D288F789E00E10C45 /* SwiftClassDemo.app */;
			productType = "com.apple.product-type.application";
		};
/* End PBXNativeTarget section */

/* Begin PBXProject section */
		31DB8645288F789E00E10C45 /* Project object */ = {
			isa = PBXProject;
			attributes = {
				BuildIndependentTargetsInParallel = 1;
				LastSwiftUpdateCheck = 1340;
				LastUpgradeCheck = 1340;
				TargetAttributes = {
					31DB864C288F789E00E10C45 = {
						CreatedOnToolsVersion = 13.4.1;
					};
				};
			};
			buildConfigurationList = 31DB8648288F789E00E10C45 /* Build configuration list for PBXProject "SwiftClassDemo" */;
			compatibilityVersion = "Xcode 13.0";
			developmentRegion = en;
			hasScannedForEncodings = 0;
			knownRegions = (
				en,
				Base,
				"zh-Hans",
			);
			mainGroup = 31DB8644288F789E00E10C45;
			productRefGroup = 31DB864E288F789E00E10C45 /* Products */;
			projectDirPath = "";
			projectRoot = "";
			targets = (
				31DB864C288F789E00E10C45 /* SwiftClassDemo */,
			);
		};
/* End PBXProject section */

/* Begin PBXResourcesBuildPhase section */
		31DB864B288F789E00E10C45 /* Resources */ = {
			isa = PBXResourcesBuildPhase;
			buildActionMask = 2147483647;
			files = (
				31DB865D288F78A000E10C45 /* LaunchScreen.storyboard in Resources */,
				315DB3DD289F49120061B779 /* Localizable.strings in Resources */,
				31DB865A288F78A000E10C45 /* Assets.xcassets in Resources */,
				31DB8658288F789E00E10C45 /* Main.storyboard in Resources */,
			);
			runOnlyForDeploymentPostprocessing = 0;
		};
/* End PBXResourcesBuildPhase section */

/* Begin PBXShellScriptBuildPhase section */
		4B9FA53FC2645DF73452709E /* [CP] Embed Pods Frameworks */ = {
			isa = PBXShellScriptBuildPhase;
			buildActionMask = 2147483647;
			files = (
			);
			inputFileListPaths = (
				"${PODS_ROOT}/Target Support Files/Pods-SwiftClassDemo/Pods-SwiftClassDemo-frameworks-${CONFIGURATION}-input-files.xcfilelist",
			);
			name = "[CP] Embed Pods Frameworks";
			outputFileListPaths = (
				"${PODS_ROOT}/Target Support Files/Pods-SwiftClassDemo/Pods-SwiftClassDemo-frameworks-${CONFIGURATION}-output-files.xcfilelist",
			);
			runOnlyForDeploymentPostprocessing = 0;
			shellPath = /bin/sh;
			shellScript = "\"${PODS_ROOT}/Target Support Files/Pods-SwiftClassDemo/Pods-SwiftClassDemo-frameworks.sh\"\n";
			showEnvVarsInLog = 0;
		};
		FC91CB411A9F36790769875B /* [CP] Check Pods Manifest.lock */ = {
			isa = PBXShellScriptBuildPhase;
			buildActionMask = 2147483647;
			files = (
			);
			inputFileListPaths = (
			);
			inputPaths = (
				"${PODS_PODFILE_DIR_PATH}/Podfile.lock",
				"${PODS_ROOT}/Manifest.lock",
			);
			name = "[CP] Check Pods Manifest.lock";
			outputFileListPaths = (
			);
			outputPaths = (
				"$(DERIVED_FILE_DIR)/Pods-SwiftClassDemo-checkManifestLockResult.txt",
			);
			runOnlyForDeploymentPostprocessing = 0;
			shellPath = /bin/sh;
			shellScript = "diff \"${PODS_PODFILE_DIR_PATH}/Podfile.lock\" \"${PODS_ROOT}/Manifest.lock\" > /dev/null\nif [ $? != 0 ] ; then\n    # print error to STDERR\n    echo \"error: The sandbox is not in sync with the Podfile.lock. Run 'pod install' or update your CocoaPods installation.\" >&2\n    exit 1\nfi\n# This output is used by Xcode 'outputs' to avoid re-running this script phase.\necho \"SUCCESS\" > \"${SCRIPT_OUTPUT_FILE_0}\"\n";
			showEnvVarsInLog = 0;
		};
/* End PBXShellScriptBuildPhase section */

/* Begin PBXSourcesBuildPhase section */
		31DB8649288F789E00E10C45 /* Sources */ = {
			isa = PBXSourcesBuildPhase;
			buildActionMask = 2147483647;
			files = (
				3131B65B289B8DAF003B1410 /* FAN_DictionaryModelViewController.swift in Sources */,
				31A1798128A5C04A0010BB70 /* FAN_MoreNaView.swift in Sources */,
				3168C4EE28A9F7D000957E76 /* FAN_WaterfallFlowViewController.swift in Sources */,
				31278E812893CB7100BAC95F /* FAN_HomeFirstCell.swift in Sources */,
				31278E8C2897646A00BAC95F /* FAN_HomeSecoundCell.swift in Sources */,
				31DB8674288F95FC00E10C45 /* FAN_CommenHeader.swift in Sources */,
				3131B65E289B8DF7003B1410 /* FAN_PersonModel.swift in Sources */,
				3168C4E828A886F200957E76 /* FAN_MoreScrollviewCell.swift in Sources */,
				31278E7F2892845D00BAC95F /* FAN_SudokuView.swift in Sources */,
				31278E8E2897B7A000BAC95F /* FAN_HomeThirdCell.swift in Sources */,
				3116F51228992125005E43D3 /* FAN_HomeSuspensionView.swift in Sources */,
				31DB8655288F789E00E10C45 /* ViewController.swift in Sources */,
				31278E952897D22800BAC95F /* FAN_ScollViewDelegateTools.swift in Sources */,
				3168C4E628A5FCCB00957E76 /* FAN_GangedContainerView.swift in Sources */,
				31278E862893E04500BAC95F /* HomeProtocol.swift in Sources */,
				31278E8A2895F80400BAC95F /* FAN_HomeNavView.swift in Sources */,
				31DB8651288F789E00E10C45 /* AppDelegate.swift in Sources */,
				31278E902897C14700BAC95F /* FAN_HomeListViewController.swift in Sources */,
				31E843B128A323C2002E4850 /* FAN_MoreScrollViewController.swift in Sources */,
				31E843AD28A30E5E002E4850 /* FAN_AllViewController.swift in Sources */,
				31278E882895F42800BAC95F /* FAN_HomeBackColorView.swift in Sources */,
				31DB8676288F977600E10C45 /* FAN_HomeViewController.swift in Sources */,
				31DB8672288F8AC800E10C45 /* FAN_ProjectTabBarController.swift in Sources */,
				3168C4E428A5FC9100957E76 /* FAN_ GangedTitleView.swift in Sources */,
				31278E7C2892842600BAC95F /* FAN_SudokuViewController.swift in Sources */,
				31DB8653288F789E00E10C45 /* SceneDelegate.swift in Sources */,
				315DB3E2289F4AB70061B779 /* FAN_LocalizableTestViewController.swift in Sources */,
			);
			runOnlyForDeploymentPostprocessing = 0;
		};
/* End PBXSourcesBuildPhase section */

/* Begin PBXVariantGroup section */
		315DB3DF289F49120061B779 /* Localizable.strings */ = {
			isa = PBXVariantGroup;
			children = (
				315DB3DE289F49120061B779 /* zh-Hans */,
				315DB3E0289F491C0061B779 /* en */,
			);
			name = Localizable.strings;
			sourceTree = "<group>";
		};
		31DB8656288F789E00E10C45 /* Main.storyboard */ = {
			isa = PBXVariantGroup;
			children = (
				31DB8657288F789E00E10C45 /* Base */,
				315DB3D9289F48910061B779 /* zh-Hans */,
			);
			name = Main.storyboard;
			sourceTree = "<group>";
		};
		31DB865B288F78A000E10C45 /* LaunchScreen.storyboard */ = {
			isa = PBXVariantGroup;
			children = (
				31DB865C288F78A000E10C45 /* Base */,
				315DB3DA289F48910061B779 /* zh-Hans */,
			);
			name = LaunchScreen.storyboard;
			sourceTree = "<group>";
		};
/* End PBXVariantGroup section */

/* Begin XCBuildConfiguration section */
		31DB865F288F78A000E10C45 /* Debug */ = {
			isa = XCBuildConfiguration;
			buildSettings = {
				ALWAYS_SEARCH_USER_PATHS = NO;
				CLANG_ANALYZER_LOCALIZABILITY_NONLOCALIZED = YES;
				CLANG_ANALYZER_NONNULL = YES;
				CLANG_ANALYZER_NUMBER_OBJECT_CONVERSION = YES_AGGRESSIVE;
				CLANG_CXX_LANGUAGE_STANDARD = "gnu++17";
				CLANG_ENABLE_MODULES = YES;
				CLANG_ENABLE_OBJC_ARC = YES;
				CLANG_ENABLE_OBJC_WEAK = YES;
				CLANG_WARN_BLOCK_CAPTURE_AUTORELEASING = YES;
				CLANG_WARN_BOOL_CONVERSION = YES;
				CLANG_WARN_COMMA = YES;
				CLANG_WARN_CONSTANT_CONVERSION = YES;
				CLANG_WARN_DEPRECATED_OBJC_IMPLEMENTATIONS = YES;
				CLANG_WARN_DIRECT_OBJC_ISA_USAGE = YES_ERROR;
				CLANG_WARN_DOCUMENTATION_COMMENTS = YES;
				CLANG_WARN_EMPTY_BODY = YES;
				CLANG_WARN_ENUM_CONVERSION = YES;
				CLANG_WARN_INFINITE_RECURSION = YES;
				CLANG_WARN_INT_CONVERSION = YES;
				CLANG_WARN_NON_LITERAL_NULL_CONVERSION = YES;
				CLANG_WARN_OBJC_IMPLICIT_RETAIN_SELF = YES;
				CLANG_WARN_OBJC_LITERAL_CONVERSION = YES;
				CLANG_WARN_OBJC_ROOT_CLASS = YES_ERROR;
				CLANG_WARN_QUOTED_INCLUDE_IN_FRAMEWORK_HEADER = YES;
				CLANG_WARN_RANGE_LOOP_ANALYSIS = YES;
				CLANG_WARN_STRICT_PROTOTYPES = YES;
				CLANG_WARN_SUSPICIOUS_MOVE = YES;
				CLANG_WARN_UNGUARDED_AVAILABILITY = YES_AGGRESSIVE;
				CLANG_WARN_UNREACHABLE_CODE = YES;
				CLANG_WARN__DUPLICATE_METHOD_MATCH = YES;
				COPY_PHASE_STRIP = NO;
				DEBUG_INFORMATION_FORMAT = dwarf;
				ENABLE_STRICT_OBJC_MSGSEND = YES;
				ENABLE_TESTABILITY = YES;
				GCC_C_LANGUAGE_STANDARD = gnu11;
				GCC_DYNAMIC_NO_PIC = NO;
				GCC_NO_COMMON_BLOCKS = YES;
				GCC_OPTIMIZATION_LEVEL = 0;
				GCC_PREPROCESSOR_DEFINITIONS = (
					"DEBUG=1",
					"$(inherited)",
				);
				GCC_WARN_64_TO_32_BIT_CONVERSION = YES;
				GCC_WARN_ABOUT_RETURN_TYPE = YES_ERROR;
				GCC_WARN_UNDECLARED_SELECTOR = YES;
				GCC_WARN_UNINITIALIZED_AUTOS = YES_AGGRESSIVE;
				GCC_WARN_UNUSED_FUNCTION = YES;
				GCC_WARN_UNUSED_VARIABLE = YES;
				IPHONEOS_DEPLOYMENT_TARGET = 15.5;
				MTL_ENABLE_DEBUG_INFO = INCLUDE_SOURCE;
				MTL_FAST_MATH = YES;
				ONLY_ACTIVE_ARCH = YES;
				SDKROOT = iphoneos;
				SWIFT_ACTIVE_COMPILATION_CONDITIONS = DEBUG;
				SWIFT_OPTIMIZATION_LEVEL = "-Onone";
			};
			name = Debug;
		};
		31DB8660288F78A000E10C45 /* Release */ = {
			isa = XCBuildConfiguration;
			buildSettings = {
				ALWAYS_SEARCH_USER_PATHS = NO;
				CLANG_ANALYZER_LOCALIZABILITY_NONLOCALIZED = YES;
				CLANG_ANALYZER_NONNULL = YES;
				CLANG_ANALYZER_NUMBER_OBJECT_CONVERSION = YES_AGGRESSIVE;
				CLANG_CXX_LANGUAGE_STANDARD = "gnu++17";
				CLANG_ENABLE_MODULES = YES;
				CLANG_ENABLE_OBJC_ARC = YES;
				CLANG_ENABLE_OBJC_WEAK = YES;
				CLANG_WARN_BLOCK_CAPTURE_AUTORELEASING = YES;
				CLANG_WARN_BOOL_CONVERSION = YES;
				CLANG_WARN_COMMA = YES;
				CLANG_WARN_CONSTANT_CONVERSION = YES;
				CLANG_WARN_DEPRECATED_OBJC_IMPLEMENTATIONS = YES;
				CLANG_WARN_DIRECT_OBJC_ISA_USAGE = YES_ERROR;
				CLANG_WARN_DOCUMENTATION_COMMENTS = YES;
				CLANG_WARN_EMPTY_BODY = YES;
				CLANG_WARN_ENUM_CONVERSION = YES;
				CLANG_WARN_INFINITE_RECURSION = YES;
				CLANG_WARN_INT_CONVERSION = YES;
				CLANG_WARN_NON_LITERAL_NULL_CONVERSION = YES;
				CLANG_WARN_OBJC_IMPLICIT_RETAIN_SELF = YES;
				CLANG_WARN_OBJC_LITERAL_CONVERSION = YES;
				CLANG_WARN_OBJC_ROOT_CLASS = YES_ERROR;
				CLANG_WARN_QUOTED_INCLUDE_IN_FRAMEWORK_HEADER = YES;
				CLANG_WARN_RANGE_LOOP_ANALYSIS = YES;
				CLANG_WARN_STRICT_PROTOTYPES = YES;
				CLANG_WARN_SUSPICIOUS_MOVE = YES;
				CLANG_WARN_UNGUARDED_AVAILABILITY = YES_AGGRESSIVE;
				CLANG_WARN_UNREACHABLE_CODE = YES;
				CLANG_WARN__DUPLICATE_METHOD_MATCH = YES;
				COPY_PHASE_STRIP = NO;
				DEBUG_INFORMATION_FORMAT = "dwarf-with-dsym";
				ENABLE_NS_ASSERTIONS = NO;
				ENABLE_STRICT_OBJC_MSGSEND = YES;
				GCC_C_LANGUAGE_STANDARD = gnu11;
				GCC_NO_COMMON_BLOCKS = YES;
				GCC_WARN_64_TO_32_BIT_CONVERSION = YES;
				GCC_WARN_ABOUT_RETURN_TYPE = YES_ERROR;
				GCC_WARN_UNDECLARED_SELECTOR = YES;
				GCC_WARN_UNINITIALIZED_AUTOS = YES_AGGRESSIVE;
				GCC_WARN_UNUSED_FUNCTION = YES;
				GCC_WARN_UNUSED_VARIABLE = YES;
				IPHONEOS_DEPLOYMENT_TARGET = 15.5;
				MTL_ENABLE_DEBUG_INFO = NO;
				MTL_FAST_MATH = YES;
				SDKROOT = iphoneos;
				SWIFT_COMPILATION_MODE = wholemodule;
				SWIFT_OPTIMIZATION_LEVEL = "-O";
				VALIDATE_PRODUCT = YES;
			};
			name = Release;
		};
		31DB8662288F78A000E10C45 /* Debug */ = {
			isa = XCBuildConfiguration;
			baseConfigurationReference = 18154EE3F4149BA71E31ABCC /* Pods-SwiftClassDemo.debug.xcconfig */;
			buildSettings = {
				ASSETCATALOG_COMPILER_APPICON_NAME = AppIcon;
				ASSETCATALOG_COMPILER_GLOBAL_ACCENT_COLOR_NAME = AccentColor;
				CODE_SIGN_STYLE = Automatic;
				CURRENT_PROJECT_VERSION = 1;
				DEVELOPMENT_TEAM = 6GG862H69N;
				GENERATE_INFOPLIST_FILE = YES;
				INFOPLIST_FILE = SwiftClassDemo/Info.plist;
				INFOPLIST_KEY_UIApplicationSupportsIndirectInputEvents = YES;
				INFOPLIST_KEY_UILaunchStoryboardName = LaunchScreen;
				INFOPLIST_KEY_UISupportedInterfaceOrientations_iPad = "UIInterfaceOrientationPortrait UIInterfaceOrientationPortraitUpsideDown UIInterfaceOrientationLandscapeLeft UIInterfaceOrientationLandscapeRight";
				INFOPLIST_KEY_UISupportedInterfaceOrientations_iPhone = "UIInterfaceOrientationPortrait UIInterfaceOrientationLandscapeLeft UIInterfaceOrientationLandscapeRight";
				IPHONEOS_DEPLOYMENT_TARGET = 13.0;
				LD_RUNPATH_SEARCH_PATHS = (
					"$(inherited)",
					"@executable_path/Frameworks",
				);
				MARKETING_VERSION = 1.0;
				PRODUCT_BUNDLE_IDENTIFIER = fan.SwiftClassDemo;
				PRODUCT_NAME = "$(TARGET_NAME)";
				SWIFT_EMIT_LOC_STRINGS = YES;
				SWIFT_VERSION = 5.0;
				TARGETED_DEVICE_FAMILY = "1,2";
			};
			name = Debug;
		};
		31DB8663288F78A000E10C45 /* Release */ = {
			isa = XCBuildConfiguration;
			baseConfigurationReference = BACEAB1514699FD6082753F4 /* Pods-SwiftClassDemo.release.xcconfig */;
			buildSettings = {
				ASSETCATALOG_COMPILER_APPICON_NAME = AppIcon;
				ASSETCATALOG_COMPILER_GLOBAL_ACCENT_COLOR_NAME = AccentColor;
				CODE_SIGN_STYLE = Automatic;
				CURRENT_PROJECT_VERSION = 1;
				DEVELOPMENT_TEAM = 6GG862H69N;
				GENERATE_INFOPLIST_FILE = YES;
				INFOPLIST_FILE = SwiftClassDemo/Info.plist;
				INFOPLIST_KEY_UIApplicationSupportsIndirectInputEvents = YES;
				INFOPLIST_KEY_UILaunchStoryboardName = LaunchScreen;
				INFOPLIST_KEY_UISupportedInterfaceOrientations_iPad = "UIInterfaceOrientationPortrait UIInterfaceOrientationPortraitUpsideDown UIInterfaceOrientationLandscapeLeft UIInterfaceOrientationLandscapeRight";
				INFOPLIST_KEY_UISupportedInterfaceOrientations_iPhone = "UIInterfaceOrientationPortrait UIInterfaceOrientationLandscapeLeft UIInterfaceOrientationLandscapeRight";
				IPHONEOS_DEPLOYMENT_TARGET = 13.0;
				LD_RUNPATH_SEARCH_PATHS = (
					"$(inherited)",
					"@executable_path/Frameworks",
				);
				MARKETING_VERSION = 1.0;
				PRODUCT_BUNDLE_IDENTIFIER = fan.SwiftClassDemo;
				PRODUCT_NAME = "$(TARGET_NAME)";
				SWIFT_EMIT_LOC_STRINGS = YES;
				SWIFT_VERSION = 5.0;
				TARGETED_DEVICE_FAMILY = "1,2";
			};
			name = Release;
		};
/* End XCBuildConfiguration section */

/* Begin XCConfigurationList section */
		31DB8648288F789E00E10C45 /* Build configuration list for PBXProject "SwiftClassDemo" */ = {
			isa = XCConfigurationList;
			buildConfigurations = (
				31DB865F288F78A000E10C45 /* Debug */,
				31DB8660288F78A000E10C45 /* Release */,
			);
			defaultConfigurationIsVisible = 0;
			defaultConfigurationName = Release;
		};
		31DB8661288F78A000E10C45 /* Build configuration list for PBXNativeTarget "SwiftClassDemo" */ = {
			isa = XCConfigurationList;
			buildConfigurations = (
				31DB8662288F78A000E10C45 /* Debug */,
				31DB8663288F78A000E10C45 /* Release */,
			);
			defaultConfigurationIsVisible = 0;
			defaultConfigurationName = Release;
		};
/* End XCConfigurationList section */
	};
	rootObject = 31DB8645288F789E00E10C45 /* Project object */;
}
