PODS:
  - Alamofire (5.6.2)
  - FANBaseConfig (0.1.1):
    - SnapKit (>= 5.0.0)
  - JXSegmentedView (1.3.0)
  - SnapKit (5.6.0)

DEPENDENCIES:
  - Alamofire
  - FANBaseConfig
  - JXSegmentedView

SPEC REPOS:
  "git@github.com:MMSuperD/FANSpec.git":
    - FANBaseConfig
  https://gitee.com/mirrors/CocoaPods-Specs.git:
    - Alamofire
    - JXSegmentedView
    - SnapKit

SPEC CHECKSUMS:
  Alamofire: d368e1ff8a298e6dde360e35a3e68e6c610e7204
  FANBaseConfig: 93b9b7ae8c0205830a2df6d9158d9b8b2a064349
  JXSegmentedView: fec0d335355b6e019c494fe2e030bde8a36d2df6
  SnapKit: e01d52ebb8ddbc333eefe2132acf85c8227d9c25

PODFILE CHECKSUM: 0bd941d46a2e7708abeda1a0aaa68e6fdd76b27f

COCOAPODS: 1.11.3
